
Microsoft Visual Studio Solution File, Format Version 12.00
# Visual Studio 15
VisualStudioVersion = 15.0.28307.489
MinimumVisualStudioVersion = 10.0.40219.1
Project("{FAE04EC0-301F-11D3-BF4B-00C04F79EFBC}") = "Entidades", "Entidades\Entidades.csproj", "{8CC927EA-9A78-410B-8EC8-B3CC1444A526}"
EndProject
Project("{FAE04EC0-301F-11D3-BF4B-00C04F79EFBC}") = "ExceptionManager", "ExceptionManager\ExceptionManager.csproj", "{E0F4E215-3CC9-4986-A389-0E8CB33BF688}"
EndProject
Project("{FAE04EC0-301F-11D3-BF4B-00C04F79EFBC}") = "TPN3", "TPN3\TPN3.csproj", "{CD6CAA3A-9117-4D00-9592-8D75CEBF5696}"
EndProject
Project("{FAE04EC0-301F-11D3-BF4B-00C04F79EFBC}") = "EntidadesAbstractas", "EntidadesAbstractas\EntidadesAbstractas.csproj", "{25BE4B28-F29A-46CC-B596-C6A4D8026AD2}"
EndProject
Project("{FAE04EC0-301F-11D3-BF4B-00C04F79EFBC}") = "Archivos", "Archivos\Archivos.csproj", "{04E210B6-FEDD-4C7F-8BF3-E78995483E04}"
EndProject
Global
	GlobalSection(SolutionConfigurationPlatforms) = preSolution
		Debug|Any CPU = Debug|Any CPU
		Release|Any CPU = Release|Any CPU
	EndGlobalSection
	GlobalSection(ProjectConfigurationPlatforms) = postSolution
		{8CC927EA-9A78-410B-8EC8-B3CC1444A526}.Debug|Any CPU.ActiveCfg = Debug|Any CPU
		{8CC927EA-9A78-410B-8EC8-B3CC1444A526}.Debug|Any CPU.Build.0 = Debug|Any CPU
		{8CC927EA-9A78-410B-8EC8-B3CC1444A526}.Release|Any CPU.ActiveCfg = Release|Any CPU
		{8CC927EA-9A78-410B-8EC8-B3CC1444A526}.Release|Any CPU.Build.0 = Release|Any CPU
		{E0F4E215-3CC9-4986-A389-0E8CB33BF688}.Debug|Any CPU.ActiveCfg = Debug|Any CPU
		{E0F4E215-3CC9-4986-A389-0E8CB33BF688}.Debug|Any CPU.Build.0 = Debug|Any CPU
		{E0F4E215-3CC9-4986-A389-0E8CB33BF688}.Release|Any CPU.ActiveCfg = Release|Any CPU
		{E0F4E215-3CC9-4986-A389-0E8CB33BF688}.Release|Any CPU.Build.0 = Release|Any CPU
		{CD6CAA3A-9117-4D00-9592-8D75CEBF5696}.Debug|Any CPU.ActiveCfg = Debug|Any CPU
		{CD6CAA3A-9117-4D00-9592-8D75CEBF5696}.Debug|Any CPU.Build.0 = Debug|Any CPU
		{CD6CAA3A-9117-4D00-9592-8D75CEBF5696}.Release|Any CPU.ActiveCfg = Release|Any CPU
		{CD6CAA3A-9117-4D00-9592-8D75CEBF5696}.Release|Any CPU.Build.0 = Release|Any CPU
		{25BE4B28-F29A-46CC-B596-C6A4D8026AD2}.Debug|Any CPU.ActiveCfg = Debug|Any CPU
		{25BE4B28-F29A-46CC-B596-C6A4D8026AD2}.Debug|Any CPU.Build.0 = Debug|Any CPU
		{25BE4B28-F29A-46CC-B596-C6A4D8026AD2}.Release|Any CPU.ActiveCfg = Release|Any CPU
		{25BE4B28-F29A-46CC-B596-C6A4D8026AD2}.Release|Any CPU.Build.0 = Release|Any CPU
		{04E210B6-FEDD-4C7F-8BF3-E78995483E04}.Debug|Any CPU.ActiveCfg = Debug|Any CPU
		{04E210B6-FEDD-4C7F-8BF3-E78995483E04}.Debug|Any CPU.Build.0 = Debug|Any CPU
		{04E210B6-FEDD-4C7F-8BF3-E78995483E04}.Release|Any CPU.ActiveCfg = Release|Any CPU
		{04E210B6-FEDD-4C7F-8BF3-E78995483E04}.Release|Any CPU.Build.0 = Release|Any CPU
	EndGlobalSection
	GlobalSection(SolutionProperties) = preSolution
		HideSolutionNode = FALSE
	EndGlobalSection
	GlobalSection(ExtensibilityGlobals) = postSolution
		SolutionGuid = {7A47689B-8C6B-499C-82EF-9EB802B04B9E}
	EndGlobalSection
EndGlobal
