
Microsoft Visual Studio Solution File, Format Version 12.00
# Visual Studio 15
VisualStudioVersion = 15.0.28307.489
MinimumVisualStudioVersion = 10.0.40219.1
Project("{FAE04EC0-301F-11D3-BF4B-00C04F79EFBC}") = "Entidades", "Entidades\Entidades.csproj", "{5E54BE1C-D397-4837-B7DE-E6A4BCAF66D4}"
EndProject
Project("{FAE04EC0-301F-11D3-BF4B-00C04F79EFBC}") = "MainCorreo", "MainCorreo\MainCorreo.csproj", "{AF892FBA-C614-4B47-AE50-B684C95A337D}"
EndProject
Global
	GlobalSection(SolutionConfigurationPlatforms) = preSolution
		Debug|Any CPU = Debug|Any CPU
		Release|Any CPU = Release|Any CPU
	EndGlobalSection
	GlobalSection(ProjectConfigurationPlatforms) = postSolution
		{5E54BE1C-D397-4837-B7DE-E6A4BCAF66D4}.Debug|Any CPU.ActiveCfg = Debug|Any CPU
		{5E54BE1C-D397-4837-B7DE-E6A4BCAF66D4}.Debug|Any CPU.Build.0 = Debug|Any CPU
		{5E54BE1C-D397-4837-B7DE-E6A4BCAF66D4}.Release|Any CPU.ActiveCfg = Release|Any CPU
		{5E54BE1C-D397-4837-B7DE-E6A4BCAF66D4}.Release|Any CPU.Build.0 = Release|Any CPU
		{AF892FBA-C614-4B47-AE50-B684C95A337D}.Debug|Any CPU.ActiveCfg = Debug|Any CPU
		{AF892FBA-C614-4B47-AE50-B684C95A337D}.Debug|Any CPU.Build.0 = Debug|Any CPU
		{AF892FBA-C614-4B47-AE50-B684C95A337D}.Release|Any CPU.ActiveCfg = Release|Any CPU
		{AF892FBA-C614-4B47-AE50-B684C95A337D}.Release|Any CPU.Build.0 = Release|Any CPU
	EndGlobalSection
	GlobalSection(SolutionProperties) = preSolution
		HideSolutionNode = FALSE
	EndGlobalSection
	GlobalSection(ExtensibilityGlobals) = postSolution
		SolutionGuid = {54672FD5-3D2B-4F6E-94D8-462C9EC98F94}
	EndGlobalSection
EndGlobal
